
Microsoft Visual Studio Solution File, Format Version 12.00
# Visual Studio Version 17
VisualStudioVersion = 17.3.32929.385
MinimumVisualStudioVersion = 10.0.40219.1
Project("{FAE04EC0-301F-11D3-BF4B-00C04F79EFBC}") = "tp_session_winform", "tp_session_winform\tp_session_winform.csproj", "{211E8610-F9FD-413E-839C-F99298593D89}"
EndProject
Global
	GlobalSection(SolutionConfigurationPlatforms) = preSolution
		Debug|Any CPU = Debug|Any CPU
		Release|Any CPU = Release|Any CPU
	EndGlobalSection
	GlobalSection(ProjectConfigurationPlatforms) = postSolution
		{211E8610-F9FD-413E-839C-F99298593D89}.Debug|Any CPU.ActiveCfg = Debug|Any CPU
		{211E8610-F9FD-413E-839C-F99298593D89}.Debug|Any CPU.Build.0 = Debug|Any CPU
		{211E8610-F9FD-413E-839C-F99298593D89}.Release|Any CPU.ActiveCfg = Release|Any CPU
		{211E8610-F9FD-413E-839C-F99298593D89}.Release|Any CPU.Build.0 = Release|Any CPU
	EndGlobalSection
	GlobalSection(SolutionProperties) = preSolution
		HideSolutionNode = FALSE
	EndGlobalSection
	GlobalSection(ExtensibilityGlobals) = postSolution
		SolutionGuid = {D641BE1E-1BE8-4613-B01A-E4B6FBA5B377}
	EndGlobalSection
EndGlobal
